
Microsoft Visual Studio Solution File, Format Version 12.00
# Visual Studio Version 16
VisualStudioVersion = 16.0.31613.86
MinimumVisualStudioVersion = 10.0.40219.1
Project("{FAE04EC0-301F-11D3-BF4B-00C04F79EFBC}") = "NPT_Teatro", "NPT_Teatro\NPT_Teatro.csproj", "{37DE4BAF-A9C1-4368-A539-31C8756B45AD}"
EndProject
Global
	GlobalSection(SolutionConfigurationPlatforms) = preSolution
		Debug|Any CPU = Debug|Any CPU
		Release|Any CPU = Release|Any CPU
	EndGlobalSection
	GlobalSection(ProjectConfigurationPlatforms) = postSolution
		{37DE4BAF-A9C1-4368-A539-31C8756B45AD}.Debug|Any CPU.ActiveCfg = Debug|Any CPU
		{37DE4BAF-A9C1-4368-A539-31C8756B45AD}.Debug|Any CPU.Build.0 = Debug|Any CPU
		{37DE4BAF-A9C1-4368-A539-31C8756B45AD}.Release|Any CPU.ActiveCfg = Release|Any CPU
		{37DE4BAF-A9C1-4368-A539-31C8756B45AD}.Release|Any CPU.Build.0 = Release|Any CPU
	EndGlobalSection
	GlobalSection(SolutionProperties) = preSolution
		HideSolutionNode = FALSE
	EndGlobalSection
	GlobalSection(ExtensibilityGlobals) = postSolution
		SolutionGuid = {65598577-68D7-4611-9353-0163CD8BB965}
	EndGlobalSection
EndGlobal
